dependencies:
- name: anchore-engine
  repository: https://kubernetes-charts.storage.googleapis.com/
  version: 1.6.8
- name: mongodb
  repository: https://charts.bitnami.com/bitnami/
  version: 7.14.5
digest: sha256:d48279aa08ad3bace0defc6bf2231b5a513b5d7cc290689acdf6d8074f966840
generated: "2020-06-10T14:03:35.010226+02:00"
